
Microsoft Visual Studio Solution File, Format Version 12.00
# Visual Studio 14
VisualStudioVersion = 14.0.23107.0
MinimumVisualStudioVersion = 10.0.40219.1
Project("{FAE04EC0-301F-11D3-BF4B-00C04F79EFBC}") = "cs", "cs\cs.csproj", "{A4C0660A-5AAF-490B-8A3F-2E75A2A98C5D}"
EndProject
Project("{FAE04EC0-301F-11D3-BF4B-00C04F79EFBC}") = "ENSAE.Voice", "ENSAE.Voice\ENSAE.Voice.csproj", "{335C2863-423F-4ACB-9606-14AC1D1B8269}"
EndProject
Project("{FAE04EC0-301F-11D3-BF4B-00C04F79EFBC}") = "UnitTestCSHelper", "UnitTestCSHelper\UnitTestCSHelper.csproj", "{041C1BE9-0CDD-474E-ACD4-D2153970E3D4}"
EndProject
Project("{FAE04EC0-301F-11D3-BF4B-00C04F79EFBC}") = "BlackBoardCSharp", "BlackBoardCSharp\BlackBoardCSharp.csproj", "{14D02A8E-59AA-475B-8137-2747907B77D4}"
EndProject
Project("{FAE04EC0-301F-11D3-BF4B-00C04F79EFBC}") = "MagicJupyter", "MagicJupyter\MagicJupyter.csproj", "{3DB0FB1C-6375-47A2-A26C-9250018FEB03}"
EndProject
Global
	GlobalSection(SolutionConfigurationPlatforms) = preSolution
		Debug|Any CPU = Debug|Any CPU
		Release|Any CPU = Release|Any CPU
	EndGlobalSection
	GlobalSection(ProjectConfigurationPlatforms) = postSolution
		{A4C0660A-5AAF-490B-8A3F-2E75A2A98C5D}.Debug|Any CPU.ActiveCfg = Debug|Any CPU
		{A4C0660A-5AAF-490B-8A3F-2E75A2A98C5D}.Debug|Any CPU.Build.0 = Debug|Any CPU
		{A4C0660A-5AAF-490B-8A3F-2E75A2A98C5D}.Release|Any CPU.ActiveCfg = Release|Any CPU
		{A4C0660A-5AAF-490B-8A3F-2E75A2A98C5D}.Release|Any CPU.Build.0 = Release|Any CPU
		{335C2863-423F-4ACB-9606-14AC1D1B8269}.Debug|Any CPU.ActiveCfg = Debug|Any CPU
		{335C2863-423F-4ACB-9606-14AC1D1B8269}.Debug|Any CPU.Build.0 = Debug|Any CPU
		{335C2863-423F-4ACB-9606-14AC1D1B8269}.Release|Any CPU.ActiveCfg = Release|Any CPU
		{335C2863-423F-4ACB-9606-14AC1D1B8269}.Release|Any CPU.Build.0 = Release|Any CPU
		{041C1BE9-0CDD-474E-ACD4-D2153970E3D4}.Debug|Any CPU.ActiveCfg = Debug|Any CPU
		{041C1BE9-0CDD-474E-ACD4-D2153970E3D4}.Debug|Any CPU.Build.0 = Debug|Any CPU
		{041C1BE9-0CDD-474E-ACD4-D2153970E3D4}.Release|Any CPU.ActiveCfg = Release|Any CPU
		{041C1BE9-0CDD-474E-ACD4-D2153970E3D4}.Release|Any CPU.Build.0 = Release|Any CPU
		{14D02A8E-59AA-475B-8137-2747907B77D4}.Debug|Any CPU.ActiveCfg = Debug|Any CPU
		{14D02A8E-59AA-475B-8137-2747907B77D4}.Debug|Any CPU.Build.0 = Debug|Any CPU
		{14D02A8E-59AA-475B-8137-2747907B77D4}.Release|Any CPU.ActiveCfg = Release|Any CPU
		{14D02A8E-59AA-475B-8137-2747907B77D4}.Release|Any CPU.Build.0 = Release|Any CPU
		{3DB0FB1C-6375-47A2-A26C-9250018FEB03}.Debug|Any CPU.ActiveCfg = Debug|Any CPU
		{3DB0FB1C-6375-47A2-A26C-9250018FEB03}.Debug|Any CPU.Build.0 = Debug|Any CPU
		{3DB0FB1C-6375-47A2-A26C-9250018FEB03}.Release|Any CPU.ActiveCfg = Release|Any CPU
		{3DB0FB1C-6375-47A2-A26C-9250018FEB03}.Release|Any CPU.Build.0 = Release|Any CPU
	EndGlobalSection
	GlobalSection(SolutionProperties) = preSolution
		HideSolutionNode = FALSE
	EndGlobalSection
EndGlobal
